
Microsoft Visual Studio Solution File, Format Version 11.00
# Visual C++ Express 2010
Project("{8BC9CEB8-8B4A-11D0-8D11-00A0C91BC942}") = "wmi_example", "wmi_example\wmi_example.vcxproj", "{829230CB-5C97-498F-96AD-680D3682AA75}"
EndProject
Global
	GlobalSection(SolutionConfigurationPlatforms) = preSolution
		Debug|Win32 = Debug|Win32
		Release|Win32 = Release|Win32
	EndGlobalSection
	GlobalSection(ProjectConfigurationPlatforms) = postSolution
		{829230CB-5C97-498F-96AD-680D3682AA75}.Debug|Win32.ActiveCfg = Debug|Win32
		{829230CB-5C97-498F-96AD-680D3682AA75}.Debug|Win32.Build.0 = Debug|Win32
		{829230CB-5C97-498F-96AD-680D3682AA75}.Release|Win32.ActiveCfg = Release|Win32
		{829230CB-5C97-498F-96AD-680D3682AA75}.Release|Win32.Build.0 = Release|Win32
	EndGlobalSection
	GlobalSection(SolutionProperties) = preSolution
		HideSolutionNode = FALSE
	EndGlobalSection
EndGlobal
